
Microsoft Visual Studio Solution File, Format Version 12.00
# Visual Studio Version 18
VisualStudioVersion = 18.3.11408.92 d18.3
MinimumVisualStudioVersion = 10.0.40219.1
Project("{FAE04EC0-301F-11D3-BF4B-00C04F79EFBC}") = "SaiTer.ATE.Business", "SaiTer.ATE.Business\SaiTer.ATE.Business.csproj", "{F326571B-BE27-4038-B85D-8919FD4DEF51}"
EndProject
Project("{FAE04EC0-301F-11D3-BF4B-00C04F79EFBC}") = "SaiTer.ATE.DataModel", "SaiTer.ATE.DataModel\SaiTer.ATE.DataModel.csproj", "{D5A2D6B4-9516-4D5E-9B0A-E68891F05D45}"
EndProject
Project("{FAE04EC0-301F-11D3-BF4B-00C04F79EFBC}") = "SaiTer.ATE.EquipMent", "SaiTer.ATE.EquipMent\SaiTer.ATE.EquipMent.csproj", "{F4718A5E-8722-43B9-9F1A-FF6C1A9F660F}"
EndProject
Project("{FAE04EC0-301F-11D3-BF4B-00C04F79EFBC}") = "SaiTer.ATE.InterFace", "SaiTer.ATE.InterFace\SaiTer.ATE.InterFace.csproj", "{211B5CC1-59D4-480E-9307-978486139B83}"
EndProject
Project("{FAE04EC0-301F-11D3-BF4B-00C04F79EFBC}") = "SaiTer.ATE.Manage", "SaiTer.ATE.Manage\SaiTer.ATE.Manage.csproj", "{BC2F0B29-1822-4CA9-8DA5-262CB1BAE2C2}"
EndProject
Project("{FAE04EC0-301F-11D3-BF4B-00C04F79EFBC}") = "SaiTer.ATE.UI", "SaiTer.ATE.UI\SaiTer.ATE.UI.csproj", "{C5B4F968-5404-409F-AEA1-7B4C40A6CC2E}"
EndProject
Project("{FAE04EC0-301F-11D3-BF4B-00C04F79EFBC}") = "SaiTer.ATE.StringResources", "SaiTer.ATE.StringResources\SaiTer.ATE.StringResources.csproj", "{3FFBD6B1-CB29-4AFE-8C6C-FAC6F491BC19}"
EndProject
Project("{FAE04EC0-301F-11D3-BF4B-00C04F79EFBC}") = "SaiTer.ATE.MES", "SaiTer.ATE.MES\SaiTer.ATE.MES.csproj", "{6BAA0E7B-E957-402B-8723-7D5ACB045BEC}"
EndProject
Project("{FAE04EC0-301F-11D3-BF4B-00C04F79EFBC}") = "SaiTer.ATE.IDAL", "SaiTer.ATE.IDAL\SaiTer.ATE.IDAL.csproj", "{3D7CC45F-A46E-4DC5-871A-03D35207BB4D}"
EndProject
Project("{FAE04EC0-301F-11D3-BF4B-00C04F79EFBC}") = "SaiTer.ATE.Controls", "SaiTer.ATE.Controls\SaiTer.ATE.Controls.csproj", "{FC1EF210-91A5-450F-9D5A-B1A0B6B46047}"
EndProject
Project("{FAE04EC0-301F-11D3-BF4B-00C04F79EFBC}") = "SaiTer.ATE.PortManage", "SaiTer.ATE.PortManage\SaiTer.ATE.PortManage.csproj", "{FA8893E7-0D9C-4A84-AFF5-D7B24EDA19D3}"
EndProject
Global
	GlobalSection(SolutionConfigurationPlatforms) = preSolution
		Debug|Any CPU = Debug|Any CPU
		Debug|x64 = Debug|x64
		Release|Any CPU = Release|Any CPU
		Release|x64 = Release|x64
	EndGlobalSection
	GlobalSection(ProjectConfigurationPlatforms) = postSolution
		{F326571B-BE27-4038-B85D-8919FD4DEF51}.Debug|Any CPU.ActiveCfg = Debug|Any CPU
		{F326571B-BE27-4038-B85D-8919FD4DEF51}.Debug|Any CPU.Build.0 = Debug|Any CPU
		{F326571B-BE27-4038-B85D-8919FD4DEF51}.Debug|x64.ActiveCfg = Debug|Any CPU
		{F326571B-BE27-4038-B85D-8919FD4DEF51}.Debug|x64.Build.0 = Debug|Any CPU
		{F326571B-BE27-4038-B85D-8919FD4DEF51}.Release|Any CPU.ActiveCfg = Release|Any CPU
		{F326571B-BE27-4038-B85D-8919FD4DEF51}.Release|Any CPU.Build.0 = Release|Any CPU
		{F326571B-BE27-4038-B85D-8919FD4DEF51}.Release|x64.ActiveCfg = Release|Any CPU
		{F326571B-BE27-4038-B85D-8919FD4DEF51}.Release|x64.Build.0 = Release|Any CPU
		{D5A2D6B4-9516-4D5E-9B0A-E68891F05D45}.Debug|Any CPU.ActiveCfg = Debug|Any CPU
		{D5A2D6B4-9516-4D5E-9B0A-E68891F05D45}.Debug|Any CPU.Build.0 = Debug|Any CPU
		{D5A2D6B4-9516-4D5E-9B0A-E68891F05D45}.Debug|x64.ActiveCfg = Debug|Any CPU
		{D5A2D6B4-9516-4D5E-9B0A-E68891F05D45}.Debug|x64.Build.0 = Debug|Any CPU
		{D5A2D6B4-9516-4D5E-9B0A-E68891F05D45}.Release|Any CPU.ActiveCfg = Release|Any CPU
		{D5A2D6B4-9516-4D5E-9B0A-E68891F05D45}.Release|Any CPU.Build.0 = Release|Any CPU
		{D5A2D6B4-9516-4D5E-9B0A-E68891F05D45}.Release|x64.ActiveCfg = Release|Any CPU
		{D5A2D6B4-9516-4D5E-9B0A-E68891F05D45}.Release|x64.Build.0 = Release|Any CPU
		{F4718A5E-8722-43B9-9F1A-FF6C1A9F660F}.Debug|Any CPU.ActiveCfg = Debug|Any CPU
		{F4718A5E-8722-43B9-9F1A-FF6C1A9F660F}.Debug|Any CPU.Build.0 = Debug|Any CPU
		{F4718A5E-8722-43B9-9F1A-FF6C1A9F660F}.Debug|x64.ActiveCfg = Debug|Any CPU
		{F4718A5E-8722-43B9-9F1A-FF6C1A9F660F}.Debug|x64.Build.0 = Debug|Any CPU
		{F4718A5E-8722-43B9-9F1A-FF6C1A9F660F}.Release|Any CPU.ActiveCfg = Release|Any CPU
		{F4718A5E-8722-43B9-9F1A-FF6C1A9F660F}.Release|Any CPU.Build.0 = Release|Any CPU
		{F4718A5E-8722-43B9-9F1A-FF6C1A9F660F}.Release|x64.ActiveCfg = Release|Any CPU
		{F4718A5E-8722-43B9-9F1A-FF6C1A9F660F}.Release|x64.Build.0 = Release|Any CPU
		{211B5CC1-59D4-480E-9307-978486139B83}.Debug|Any CPU.ActiveCfg = Debug|Any CPU
		{211B5CC1-59D4-480E-9307-978486139B83}.Debug|Any CPU.Build.0 = Debug|Any CPU
		{211B5CC1-59D4-480E-9307-978486139B83}.Debug|x64.ActiveCfg = Debug|Any CPU
		{211B5CC1-59D4-480E-9307-978486139B83}.Debug|x64.Build.0 = Debug|Any CPU
		{211B5CC1-59D4-480E-9307-978486139B83}.Release|Any CPU.ActiveCfg = Release|Any CPU
		{211B5CC1-59D4-480E-9307-978486139B83}.Release|Any CPU.Build.0 = Release|Any CPU
		{211B5CC1-59D4-480E-9307-978486139B83}.Release|x64.ActiveCfg = Release|Any CPU
		{211B5CC1-59D4-480E-9307-978486139B83}.Release|x64.Build.0 = Release|Any CPU
		{BC2F0B29-1822-4CA9-8DA5-262CB1BAE2C2}.Debug|Any CPU.ActiveCfg = Debug|Any CPU
		{BC2F0B29-1822-4CA9-8DA5-262CB1BAE2C2}.Debug|Any CPU.Build.0 = Debug|Any CPU
		{BC2F0B29-1822-4CA9-8DA5-262CB1BAE2C2}.Debug|x64.ActiveCfg = Debug|Any CPU
		{BC2F0B29-1822-4CA9-8DA5-262CB1BAE2C2}.Debug|x64.Build.0 = Debug|Any CPU
		{BC2F0B29-1822-4CA9-8DA5-262CB1BAE2C2}.Release|Any CPU.ActiveCfg = Release|Any CPU
		{BC2F0B29-1822-4CA9-8DA5-262CB1BAE2C2}.Release|Any CPU.Build.0 = Release|Any CPU
		{BC2F0B29-1822-4CA9-8DA5-262CB1BAE2C2}.Release|x64.ActiveCfg = Release|Any CPU
		{BC2F0B29-1822-4CA9-8DA5-262CB1BAE2C2}.Release|x64.Build.0 = Release|Any CPU
		{C5B4F968-5404-409F-AEA1-7B4C40A6CC2E}.Debug|Any CPU.ActiveCfg = Debug|Any CPU
		{C5B4F968-5404-409F-AEA1-7B4C40A6CC2E}.Debug|Any CPU.Build.0 = Debug|Any CPU
		{C5B4F968-5404-409F-AEA1-7B4C40A6CC2E}.Debug|x64.ActiveCfg = Debug|Any CPU
		{C5B4F968-5404-409F-AEA1-7B4C40A6CC2E}.Debug|x64.Build.0 = Debug|Any CPU
		{C5B4F968-5404-409F-AEA1-7B4C40A6CC2E}.Release|Any CPU.ActiveCfg = Release|Any CPU
		{C5B4F968-5404-409F-AEA1-7B4C40A6CC2E}.Release|Any CPU.Build.0 = Release|Any CPU
		{C5B4F968-5404-409F-AEA1-7B4C40A6CC2E}.Release|x64.ActiveCfg = Release|Any CPU
		{C5B4F968-5404-409F-AEA1-7B4C40A6CC2E}.Release|x64.Build.0 = Release|Any CPU
		{3FFBD6B1-CB29-4AFE-8C6C-FAC6F491BC19}.Debug|Any CPU.ActiveCfg = Debug|Any CPU
		{3FFBD6B1-CB29-4AFE-8C6C-FAC6F491BC19}.Debug|Any CPU.Build.0 = Debug|Any CPU
		{3FFBD6B1-CB29-4AFE-8C6C-FAC6F491BC19}.Debug|x64.ActiveCfg = Debug|Any CPU
		{3FFBD6B1-CB29-4AFE-8C6C-FAC6F491BC19}.Debug|x64.Build.0 = Debug|Any CPU
		{3FFBD6B1-CB29-4AFE-8C6C-FAC6F491BC19}.Release|Any CPU.ActiveCfg = Release|Any CPU
		{3FFBD6B1-CB29-4AFE-8C6C-FAC6F491BC19}.Release|Any CPU.Build.0 = Release|Any CPU
		{3FFBD6B1-CB29-4AFE-8C6C-FAC6F491BC19}.Release|x64.ActiveCfg = Release|Any CPU
		{3FFBD6B1-CB29-4AFE-8C6C-FAC6F491BC19}.Release|x64.Build.0 = Release|Any CPU
		{6BAA0E7B-E957-402B-8723-7D5ACB045BEC}.Debug|Any CPU.ActiveCfg = Debug|Any CPU
		{6BAA0E7B-E957-402B-8723-7D5ACB045BEC}.Debug|Any CPU.Build.0 = Debug|Any CPU
		{6BAA0E7B-E957-402B-8723-7D5ACB045BEC}.Debug|x64.ActiveCfg = Debug|Any CPU
		{6BAA0E7B-E957-402B-8723-7D5ACB045BEC}.Debug|x64.Build.0 = Debug|Any CPU
		{6BAA0E7B-E957-402B-8723-7D5ACB045BEC}.Release|Any CPU.ActiveCfg = Release|Any CPU
		{6BAA0E7B-E957-402B-8723-7D5ACB045BEC}.Release|Any CPU.Build.0 = Release|Any CPU
		{6BAA0E7B-E957-402B-8723-7D5ACB045BEC}.Release|x64.ActiveCfg = Release|Any CPU
		{6BAA0E7B-E957-402B-8723-7D5ACB045BEC}.Release|x64.Build.0 = Release|Any CPU
		{3D7CC45F-A46E-4DC5-871A-03D35207BB4D}.Debug|Any CPU.ActiveCfg = Debug|Any CPU
		{3D7CC45F-A46E-4DC5-871A-03D35207BB4D}.Debug|Any CPU.Build.0 = Debug|Any CPU
		{3D7CC45F-A46E-4DC5-871A-03D35207BB4D}.Debug|x64.ActiveCfg = Debug|Any CPU
		{3D7CC45F-A46E-4DC5-871A-03D35207BB4D}.Debug|x64.Build.0 = Debug|Any CPU
		{3D7CC45F-A46E-4DC5-871A-03D35207BB4D}.Release|Any CPU.ActiveCfg = Release|Any CPU
		{3D7CC45F-A46E-4DC5-871A-03D35207BB4D}.Release|Any CPU.Build.0 = Release|Any CPU
		{3D7CC45F-A46E-4DC5-871A-03D35207BB4D}.Release|x64.ActiveCfg = Release|Any CPU
		{3D7CC45F-A46E-4DC5-871A-03D35207BB4D}.Release|x64.Build.0 = Release|Any CPU
		{FC1EF210-91A5-450F-9D5A-B1A0B6B46047}.Debug|Any CPU.ActiveCfg = Debug|Any CPU
		{FC1EF210-91A5-450F-9D5A-B1A0B6B46047}.Debug|Any CPU.Build.0 = Debug|Any CPU
		{FC1EF210-91A5-450F-9D5A-B1A0B6B46047}.Debug|x64.ActiveCfg = Debug|Any CPU
		{FC1EF210-91A5-450F-9D5A-B1A0B6B46047}.Debug|x64.Build.0 = Debug|Any CPU
		{FC1EF210-91A5-450F-9D5A-B1A0B6B46047}.Release|Any CPU.ActiveCfg = Release|Any CPU
		{FC1EF210-91A5-450F-9D5A-B1A0B6B46047}.Release|Any CPU.Build.0 = Release|Any CPU
		{FC1EF210-91A5-450F-9D5A-B1A0B6B46047}.Release|x64.ActiveCfg = Release|Any CPU
		{FC1EF210-91A5-450F-9D5A-B1A0B6B46047}.Release|x64.Build.0 = Release|Any CPU
		{FA8893E7-0D9C-4A84-AFF5-D7B24EDA19D3}.Debug|Any CPU.ActiveCfg = Debug|Any CPU
		{FA8893E7-0D9C-4A84-AFF5-D7B24EDA19D3}.Debug|Any CPU.Build.0 = Debug|Any CPU
		{FA8893E7-0D9C-4A84-AFF5-D7B24EDA19D3}.Debug|x64.ActiveCfg = Debug|Any CPU
		{FA8893E7-0D9C-4A84-AFF5-D7B24EDA19D3}.Debug|x64.Build.0 = Debug|Any CPU
		{FA8893E7-0D9C-4A84-AFF5-D7B24EDA19D3}.Release|Any CPU.ActiveCfg = Release|Any CPU
		{FA8893E7-0D9C-4A84-AFF5-D7B24EDA19D3}.Release|Any CPU.Build.0 = Release|Any CPU
		{FA8893E7-0D9C-4A84-AFF5-D7B24EDA19D3}.Release|x64.ActiveCfg = Release|Any CPU
		{FA8893E7-0D9C-4A84-AFF5-D7B24EDA19D3}.Release|x64.Build.0 = Release|Any CPU
	EndGlobalSection
	GlobalSection(SolutionProperties) = preSolution
		HideSolutionNode = FALSE
	EndGlobalSection
	GlobalSection(ExtensibilityGlobals) = postSolution
		SolutionGuid = {83F206E7-BA9A-4204-83B5-C8D3C5B3AE5F}
	EndGlobalSection
EndGlobal
